
Microsoft Visual Studio Solution File, Format Version 12.00
# Visual Studio Version 16
VisualStudioVersion = 16.0.29709.97
MinimumVisualStudioVersion = 10.0.40219.1
Project("{9A19103F-16F7-4668-BE54-9A1E7A4F7556}") = "DilaAPI", "DilaAPI\DilaAPI.csproj", "{0EEB5C87-DD94-4712-96C5-6743D80A6259}"
EndProject
Project("{FAE04EC0-301F-11D3-BF4B-00C04F79EFBC}") = "DilaApplication", "DilaApplication\DilaApplication.csproj", "{C576473F-383F-4DCA-9F61-6C49047D93D8}"
EndProject
Project("{FAE04EC0-301F-11D3-BF4B-00C04F79EFBC}") = "DilaRepository", "DilaRepository\DilaRepository.csproj", "{A912E7F6-86BD-42DC-8374-F8DE724C42DE}"
EndProject
Project("{FAE04EC0-301F-11D3-BF4B-00C04F79EFBC}") = "DilaShared", "DilaShared\DilaShared.csproj", "{299645BA-BFE6-4C9D-B725-47FD40A8F15E}"
EndProject
Project("{FAE04EC0-301F-11D3-BF4B-00C04F79EFBC}") = "DilaEntities", "DilaEntities\DilaEntities.csproj", "{6283D494-62BF-4A68-BD99-3A1E403FF434}"
EndProject
Global
	GlobalSection(SolutionConfigurationPlatforms) = preSolution
		Debug|Any CPU = Debug|Any CPU
		Release|Any CPU = Release|Any CPU
	EndGlobalSection
	GlobalSection(ProjectConfigurationPlatforms) = postSolution
		{0EEB5C87-DD94-4712-96C5-6743D80A6259}.Debug|Any CPU.ActiveCfg = Debug|Any CPU
		{0EEB5C87-DD94-4712-96C5-6743D80A6259}.Debug|Any CPU.Build.0 = Debug|Any CPU
		{0EEB5C87-DD94-4712-96C5-6743D80A6259}.Release|Any CPU.ActiveCfg = Release|Any CPU
		{0EEB5C87-DD94-4712-96C5-6743D80A6259}.Release|Any CPU.Build.0 = Release|Any CPU
		{C576473F-383F-4DCA-9F61-6C49047D93D8}.Debug|Any CPU.ActiveCfg = Debug|Any CPU
		{C576473F-383F-4DCA-9F61-6C49047D93D8}.Debug|Any CPU.Build.0 = Debug|Any CPU
		{C576473F-383F-4DCA-9F61-6C49047D93D8}.Release|Any CPU.ActiveCfg = Release|Any CPU
		{C576473F-383F-4DCA-9F61-6C49047D93D8}.Release|Any CPU.Build.0 = Release|Any CPU
		{A912E7F6-86BD-42DC-8374-F8DE724C42DE}.Debug|Any CPU.ActiveCfg = Debug|Any CPU
		{A912E7F6-86BD-42DC-8374-F8DE724C42DE}.Debug|Any CPU.Build.0 = Debug|Any CPU
		{A912E7F6-86BD-42DC-8374-F8DE724C42DE}.Release|Any CPU.ActiveCfg = Release|Any CPU
		{A912E7F6-86BD-42DC-8374-F8DE724C42DE}.Release|Any CPU.Build.0 = Release|Any CPU
		{299645BA-BFE6-4C9D-B725-47FD40A8F15E}.Debug|Any CPU.ActiveCfg = Debug|Any CPU
		{299645BA-BFE6-4C9D-B725-47FD40A8F15E}.Debug|Any CPU.Build.0 = Debug|Any CPU
		{299645BA-BFE6-4C9D-B725-47FD40A8F15E}.Release|Any CPU.ActiveCfg = Release|Any CPU
		{299645BA-BFE6-4C9D-B725-47FD40A8F15E}.Release|Any CPU.Build.0 = Release|Any CPU
		{6283D494-62BF-4A68-BD99-3A1E403FF434}.Debug|Any CPU.ActiveCfg = Debug|Any CPU
		{6283D494-62BF-4A68-BD99-3A1E403FF434}.Debug|Any CPU.Build.0 = Debug|Any CPU
		{6283D494-62BF-4A68-BD99-3A1E403FF434}.Release|Any CPU.ActiveCfg = Release|Any CPU
		{6283D494-62BF-4A68-BD99-3A1E403FF434}.Release|Any CPU.Build.0 = Release|Any CPU
	EndGlobalSection
	GlobalSection(SolutionProperties) = preSolution
		HideSolutionNode = FALSE
	EndGlobalSection
	GlobalSection(ExtensibilityGlobals) = postSolution
		SolutionGuid = {CCFBBC8A-12AF-445D-AB28-E7F3A2582CF4}
	EndGlobalSection
EndGlobal
